
Microsoft Visual Studio Solution File, Format Version 12.00
# Visual Studio Version 16
VisualStudioVersion = 16.0.30011.22
MinimumVisualStudioVersion = 10.0.40219.1
Project("{FAE04EC0-301F-11D3-BF4B-00C04F79EFBC}") = "CopyFromExcelToMarkdownAddIn", "CopyFromExcelToMarkdownAddIn\CopyFromExcelToMarkdownAddIn.csproj", "{29D7771E-0284-4D67-9E25-AC300B49E504}"
EndProject
Project("{FAE04EC0-301F-11D3-BF4B-00C04F79EFBC}") = "CopyFromExcelToMarkdownAddIna.Test", "CopyFromExcelToMarkdownAddIna.Test\CopyFromExcelToMarkdownAddIna.Test.csproj", "{B0DA5DDD-2405-4DDE-9D04-2B5265F837E2}"
EndProject
Project("{54435603-DBB4-11D2-8724-00A0C9A8B90C}") = "OfficeAddInSetup", "OfficeAddInSetup\OfficeAddInSetup.vdproj", "{D49B1C80-17DF-4CA8-AE8F-AA62D681142B}"
EndProject
Global
	GlobalSection(SolutionConfigurationPlatforms) = preSolution
		CD_ROM|Any CPU = CD_ROM|Any CPU
		Debug|Any CPU = Debug|Any CPU
		DVD-5|Any CPU = DVD-5|Any CPU
		Release|Any CPU = Release|Any CPU
		SingleImage|Any CPU = SingleImage|Any CPU
	EndGlobalSection
	GlobalSection(ProjectConfigurationPlatforms) = postSolution
		{29D7771E-0284-4D67-9E25-AC300B49E504}.CD_ROM|Any CPU.ActiveCfg = Release|Any CPU
		{29D7771E-0284-4D67-9E25-AC300B49E504}.CD_ROM|Any CPU.Build.0 = Release|Any CPU
		{29D7771E-0284-4D67-9E25-AC300B49E504}.Debug|Any CPU.ActiveCfg = Debug|Any CPU
		{29D7771E-0284-4D67-9E25-AC300B49E504}.Debug|Any CPU.Build.0 = Debug|Any CPU
		{29D7771E-0284-4D67-9E25-AC300B49E504}.DVD-5|Any CPU.ActiveCfg = Debug|Any CPU
		{29D7771E-0284-4D67-9E25-AC300B49E504}.DVD-5|Any CPU.Build.0 = Debug|Any CPU
		{29D7771E-0284-4D67-9E25-AC300B49E504}.Release|Any CPU.ActiveCfg = Release|Any CPU
		{29D7771E-0284-4D67-9E25-AC300B49E504}.Release|Any CPU.Build.0 = Release|Any CPU
		{29D7771E-0284-4D67-9E25-AC300B49E504}.SingleImage|Any CPU.ActiveCfg = Release|Any CPU
		{29D7771E-0284-4D67-9E25-AC300B49E504}.SingleImage|Any CPU.Build.0 = Release|Any CPU
		{B0DA5DDD-2405-4DDE-9D04-2B5265F837E2}.CD_ROM|Any CPU.ActiveCfg = Release|Any CPU
		{B0DA5DDD-2405-4DDE-9D04-2B5265F837E2}.CD_ROM|Any CPU.Build.0 = Release|Any CPU
		{B0DA5DDD-2405-4DDE-9D04-2B5265F837E2}.Debug|Any CPU.ActiveCfg = Debug|Any CPU
		{B0DA5DDD-2405-4DDE-9D04-2B5265F837E2}.Debug|Any CPU.Build.0 = Debug|Any CPU
		{B0DA5DDD-2405-4DDE-9D04-2B5265F837E2}.DVD-5|Any CPU.ActiveCfg = Debug|Any CPU
		{B0DA5DDD-2405-4DDE-9D04-2B5265F837E2}.DVD-5|Any CPU.Build.0 = Debug|Any CPU
		{B0DA5DDD-2405-4DDE-9D04-2B5265F837E2}.Release|Any CPU.ActiveCfg = Release|Any CPU
		{B0DA5DDD-2405-4DDE-9D04-2B5265F837E2}.Release|Any CPU.Build.0 = Release|Any CPU
		{B0DA5DDD-2405-4DDE-9D04-2B5265F837E2}.SingleImage|Any CPU.ActiveCfg = Release|Any CPU
		{B0DA5DDD-2405-4DDE-9D04-2B5265F837E2}.SingleImage|Any CPU.Build.0 = Release|Any CPU
		{D49B1C80-17DF-4CA8-AE8F-AA62D681142B}.CD_ROM|Any CPU.ActiveCfg = Release
		{D49B1C80-17DF-4CA8-AE8F-AA62D681142B}.Debug|Any CPU.ActiveCfg = Debug
		{D49B1C80-17DF-4CA8-AE8F-AA62D681142B}.DVD-5|Any CPU.ActiveCfg = Debug
		{D49B1C80-17DF-4CA8-AE8F-AA62D681142B}.Release|Any CPU.ActiveCfg = Release
		{D49B1C80-17DF-4CA8-AE8F-AA62D681142B}.Release|Any CPU.Build.0 = Release
		{D49B1C80-17DF-4CA8-AE8F-AA62D681142B}.SingleImage|Any CPU.ActiveCfg = Release
	EndGlobalSection
	GlobalSection(SolutionProperties) = preSolution
		HideSolutionNode = FALSE
	EndGlobalSection
	GlobalSection(ExtensibilityGlobals) = postSolution
		SolutionGuid = {E41AC7C8-96CE-4F89-A186-EE020A670A8C}
	EndGlobalSection
EndGlobal
